
Microsoft Visual Studio Solution File, Format Version 12.00
# Visual Studio 15
VisualStudioVersion = 15.0.26228.9
MinimumVisualStudioVersion = 10.0.40219.1
Project("{FAE04EC0-301F-11D3-BF4B-00C04F79EFBC}") = "WallyMathieu.CollectionChanges", "WhatIsUpdated\WallyMathieu.CollectionChanges.csproj", "{455FA659-9F32-4A1C-8658-94153C929B0D}"
EndProject
Project("{FAE04EC0-301F-11D3-BF4B-00C04F79EFBC}") = "Tests", "Tests\Tests.csproj", "{7802B63A-0996-4C3F-AE0E-7AEFF37F9679}"
EndProject
Global
	GlobalSection(SolutionConfigurationPlatforms) = preSolution
		Debug|Any CPU = Debug|Any CPU
		Debug|x86 = Debug|x86
		Release|Any CPU = Release|Any CPU
		Release|x86 = Release|x86
	EndGlobalSection
	GlobalSection(ProjectConfigurationPlatforms) = postSolution
		{455FA659-9F32-4A1C-8658-94153C929B0D}.Debug|Any CPU.ActiveCfg = Debug|Any CPU
		{455FA659-9F32-4A1C-8658-94153C929B0D}.Debug|Any CPU.Build.0 = Debug|Any CPU
		{455FA659-9F32-4A1C-8658-94153C929B0D}.Debug|x86.ActiveCfg = Debug|Any CPU
		{455FA659-9F32-4A1C-8658-94153C929B0D}.Debug|x86.Build.0 = Debug|Any CPU
		{455FA659-9F32-4A1C-8658-94153C929B0D}.Release|Any CPU.ActiveCfg = Release|Any CPU
		{455FA659-9F32-4A1C-8658-94153C929B0D}.Release|Any CPU.Build.0 = Release|Any CPU
		{455FA659-9F32-4A1C-8658-94153C929B0D}.Release|x86.ActiveCfg = Release|Any CPU
		{455FA659-9F32-4A1C-8658-94153C929B0D}.Release|x86.Build.0 = Release|Any CPU
		{7802B63A-0996-4C3F-AE0E-7AEFF37F9679}.Debug|Any CPU.ActiveCfg = Debug|Any CPU
		{7802B63A-0996-4C3F-AE0E-7AEFF37F9679}.Debug|Any CPU.Build.0 = Debug|Any CPU
		{7802B63A-0996-4C3F-AE0E-7AEFF37F9679}.Debug|x86.ActiveCfg = Debug|Any CPU
		{7802B63A-0996-4C3F-AE0E-7AEFF37F9679}.Debug|x86.Build.0 = Debug|Any CPU
		{7802B63A-0996-4C3F-AE0E-7AEFF37F9679}.Release|Any CPU.ActiveCfg = Release|Any CPU
		{7802B63A-0996-4C3F-AE0E-7AEFF37F9679}.Release|Any CPU.Build.0 = Release|Any CPU
		{7802B63A-0996-4C3F-AE0E-7AEFF37F9679}.Release|x86.ActiveCfg = Release|Any CPU
		{7802B63A-0996-4C3F-AE0E-7AEFF37F9679}.Release|x86.Build.0 = Release|Any CPU
	EndGlobalSection
	GlobalSection(SolutionProperties) = preSolution
		HideSolutionNode = FALSE
	EndGlobalSection
EndGlobal
